
Microsoft Visual Studio Solution File, Format Version 12.00
# Visual Studio 15
VisualStudioVersion = 15.0.28307.902
MinimumVisualStudioVersion = 10.0.40219.1
Project("{FAE04EC0-301F-11D3-BF4B-00C04F79EFBC}") = "RegLogAzureMail", "RegLogAzureMail\RegLogAzureMail.csproj", "{988424E9-D99F-466F-8496-CFF34B26FA43}"
EndProject
Global
	GlobalSection(SolutionConfigurationPlatforms) = preSolution
		Debug|Any CPU = Debug|Any CPU
		Release|Any CPU = Release|Any CPU
	EndGlobalSection
	GlobalSection(ProjectConfigurationPlatforms) = postSolution
		{988424E9-D99F-466F-8496-CFF34B26FA43}.Debug|Any CPU.ActiveCfg = Debug|Any CPU
		{988424E9-D99F-466F-8496-CFF34B26FA43}.Debug|Any CPU.Build.0 = Debug|Any CPU
		{988424E9-D99F-466F-8496-CFF34B26FA43}.Release|Any CPU.ActiveCfg = Release|Any CPU
		{988424E9-D99F-466F-8496-CFF34B26FA43}.Release|Any CPU.Build.0 = Release|Any CPU
	EndGlobalSection
	GlobalSection(SolutionProperties) = preSolution
		HideSolutionNode = FALSE
	EndGlobalSection
	GlobalSection(ExtensibilityGlobals) = postSolution
		SolutionGuid = {DB736438-032D-4F6A-86E5-F732A8BF4A94}
	EndGlobalSection
EndGlobal
